
Microsoft Visual Studio Solution File, Format Version 12.00
# Visual Studio 15
VisualStudioVersion = 15.0.28307.1500
MinimumVisualStudioVersion = 10.0.40219.1
Project("{8BC9CEB8-8B4A-11D0-8D11-00A0C91BC942}") = "sms_recv_mailslot", "sms_recv_mailslot\sms_recv_mailslot.vcxproj", "{9152D746-ABA1-4A84-ABE3-B62B3DB4F0DD}"
EndProject
Project("{8BC9CEB8-8B4A-11D0-8D11-00A0C91BC942}") = "sms_send_mailslot", "sms_send_mailslot\sms_send_mailslot.vcxproj", "{7A2F2003-6BD5-477C-AC23-C84738CA97F5}"
EndProject
Global
	GlobalSection(SolutionConfigurationPlatforms) = preSolution
		Debug|x64 = Debug|x64
		Debug|x86 = Debug|x86
		Release|x64 = Release|x64
		Release|x86 = Release|x86
	EndGlobalSection
	GlobalSection(ProjectConfigurationPlatforms) = postSolution
		{9152D746-ABA1-4A84-ABE3-B62B3DB4F0DD}.Debug|x64.ActiveCfg = Debug|x64
		{9152D746-ABA1-4A84-ABE3-B62B3DB4F0DD}.Debug|x64.Build.0 = Debug|x64
		{9152D746-ABA1-4A84-ABE3-B62B3DB4F0DD}.Debug|x86.ActiveCfg = Debug|x64
		{9152D746-ABA1-4A84-ABE3-B62B3DB4F0DD}.Release|x64.ActiveCfg = Release|x64
		{9152D746-ABA1-4A84-ABE3-B62B3DB4F0DD}.Release|x64.Build.0 = Release|x64
		{9152D746-ABA1-4A84-ABE3-B62B3DB4F0DD}.Release|x86.ActiveCfg = Release|x64
		{7A2F2003-6BD5-477C-AC23-C84738CA97F5}.Debug|x64.ActiveCfg = Debug|x64
		{7A2F2003-6BD5-477C-AC23-C84738CA97F5}.Debug|x64.Build.0 = Debug|x64
		{7A2F2003-6BD5-477C-AC23-C84738CA97F5}.Debug|x86.ActiveCfg = Debug|Win32
		{7A2F2003-6BD5-477C-AC23-C84738CA97F5}.Debug|x86.Build.0 = Debug|Win32
		{7A2F2003-6BD5-477C-AC23-C84738CA97F5}.Release|x64.ActiveCfg = Release|x64
		{7A2F2003-6BD5-477C-AC23-C84738CA97F5}.Release|x64.Build.0 = Release|x64
		{7A2F2003-6BD5-477C-AC23-C84738CA97F5}.Release|x86.ActiveCfg = Release|Win32
		{7A2F2003-6BD5-477C-AC23-C84738CA97F5}.Release|x86.Build.0 = Release|Win32
	EndGlobalSection
	GlobalSection(SolutionProperties) = preSolution
		HideSolutionNode = FALSE
	EndGlobalSection
	GlobalSection(ExtensibilityGlobals) = postSolution
		SolutionGuid = {BB825633-5C30-417C-85C9-58AA58D80ED8}
	EndGlobalSection
EndGlobal
